github.com/beorn7/perks v0.0.0-20160804104726-4c0e84591b9a h1:BtpsbiV638WQZwhA98cEZw2BsbnQJrbd0BI7tsy0W1c=
github.com/beorn7/perks v0.0.0-20160804104726-4c0e84591b9a/go.mod h1:Dwedo/Wpr24TaqPxmxbtue+5NUziq4I4S80YR8gNf3Q=
github.com/bukalapak/packen v0.0.0-20170922104059-07f5c0ab0f2b h1:5oFlvU1s2l/Qnn9eVEidV8o9meREvXb+JXVZaUXkoOg=
github.com/bukalapak/packen v0.0.0-20170922104059-07f5c0ab0f2b/go.mod h1:rPw5y8e2Biy4cR08Ae3vXo7Ki+5uE6M++mbCBi6utIk=
github.com/cenk/backoff v0.0.0-20170921171023-61ba96c4d100 h1:UTN35sbQQ0sqfAVk/V51SlOqQRfY9ZFX8nS80AmXVvU=
github.com/cenk/backoff v0.0.0-20170921171023-61ba96c4d100/go.mod h1:7FtoeaSnHoZnmZzz47cM35Y9nSW7tNyaidugnHTaFDE=
github.com/davecgh/go-spew v0.0.0-20170829195320-a47672248388 h1:xOYbryI96Npr2YM3ar+j8HTeiuA+vzxhiwaw+kLCruk=
github.com/davecgh/go-spew v0.0.0-20170829195320-a47672248388/go.mod h1:J7Y8YcW2NihsgmVo/mv3lAwl/skON4iLHjSsI+c5H38=
github.com/facebookgo/clock v0.0.0-20150410010913-600d898af40a h1:yDWHCSQ40h88yih2JAcL6Ls/kVkSE8GFACTGVnMPruw=
github.com/facebookgo/clock v0.0.0-20150410010913-600d898af40a/go.mod h1:7Ga40egUymuWXxAe151lTNnCv97MddSOVsjpPPkityA=
github.com/go-sql-driver/mysql v0.0.0-20170921062806-7785c7429713 h1:sQ3GtKQNCUYVjZKDJmjPqJDu6RwpzSSNmErojGzkx+U=
github.com/go-sql-driver/mysql v0.0.0-20170921062806-7785c7429713/go.mod h1:zAC/RDZ24gD3HViQzih4MyKcchzm+sOG5ZlKdlhCg5w=
github.com/golang/protobuf v0.0.0-20170920220647-130e6b02ab05 h1:Kesru7U6Mhpf/x7rthxAKnr586VFmoE2NdEvkOKvfjg=
github.com/golang/protobuf v0.0.0-20170920220647-130e6b02ab05/go.mod h1:6lQm79b+lXiMfvg/cZm0SGofjICqVBUtrP5yJMmIC1U=
github.com/julienschmidt/httprouter v0.0.0-20170430222011-975b5c4c7c21 h1:hcRVDgbEIDiNW6kY/2+P6rJgjA8epCA19ezlBM3Ko5Q=
github.com/julienschmidt/httprouter v0.0.0-20170430222011-975b5c4c7c21/go.mod h1:SYymIcj16QtmaHHD7aYtjjsJG7VTCxuUUipMqKk8s4w=
github.com/matttproud/golang_protobuf_extensions v1.0.1 h1:4hp9jkHxhMHkqkrB3Ix0jegS5sx/RkqARlsWZ6pIwiU=
github.com/matttproud/golang_protobuf_extensions v1.0.1/go.mod h1:D8He9yQNgCq6Z5Ld7szi9bcBfOoFv/3dc6xSMkL2PC0=
github.com/pmezard/go-difflib v1.0.0 h1:4DBwDE0NGyQoBHbLQYPwSUPoCMWR5BEzIk/f1lZbAQM=
github.com/pmezard/go-difflib v1.0.0/go.mod h1:iKH77koFhYxTK1pcRnkKkqfTogsbg7gZNVY4sRDYZ/4=
github.com/prometheus/client_golang v0.0.0-20170921105543-353b8c3f3776 h1:r+NxnP+tGhSmToV/nIDOLGAg3ixdCpHb1BjKIsA4RyU=
github.com/prometheus/client_golang v0.0.0-20170921105543-353b8c3f3776/go.mod h1:7SWBe2y4D6OKWSNQJUaRYU/AaXPKyh/dDVn+NZz0KFw=
github.com/prometheus/client_model v0.0.0-20170216185247-6f3806018612 h1:13pIdM2tpaDi4OVe24fgoIS7ZTqMt0QI+bwQsX5hq+g=
github.com/prometheus/client_model v0.0.0-20170216185247-6f3806018612/go.mod h1:MbSGuTsp3dbXC40dX6PRTWyKYBIrTGTE9sqQNg2J8bo=
github.com/prometheus/common v0.0.0-20170908161822-2f17f4a9d485 h1:ELypU1kBAPEzqcj8hphDyZWTJw5TIFgepXU983BEkD0=
github.com/prometheus/common v0.0.0-20170908161822-2f17f4a9d485/go.mod h1:daVV7qP5qjZbuso7PdcryaAu0sAZbrN9i7WWcTMWvro=
github.com/prometheus/procfs v0.0.0-20170703101242-e645f4e5aaa8 h1:uZfczEBIA1FZfOQo4/JWgGnMNd/4HVsM9A+B30wtlkA=
github.com/prometheus/procfs v0.0.0-20170703101242-e645f4e5aaa8/go.mod h1:c3At6R/oaqEKCNdg8wHV1ftS6bRYblBhIjjI8uT2IGk=
github.com/rubyist/circuitbreaker v2.2.1+incompatible h1:KUKd/pV8Geg77+8LNDwdow6rVCAYOp8+kHUyFvL6Mhk=
github.com/rubyist/circuitbreaker v2.2.1+incompatible/go.mod h1:Ycs3JgJADPuzJDwffe12k6BZT8hxVi6lFK+gWYJLN4A=
github.com/satori/go.uuid v0.0.0-20170321230731-5bf94b69c6b6 h1:7PFDlUz5/yGp8w21PuZGgEfN7ZF7OXvgAIDjwih82Gs=
github.com/satori/go.uuid v0.0.0-20170321230731-5bf94b69c6b6/go.mod h1:dA0hQrYB0VpLJoorglMZABFdXlWrHn1NEOzdhQKdks0=
github.com/streadway/amqp v0.0.0-20170926065634-cefed15a0bd8 h1:q2L3Zhh0RscQeFIJRFshSq3DtZPE0ts8q3F+oyUxw/c=
github.com/streadway/amqp v0.0.0-20170926065634-cefed15a0bd8/go.mod h1:1WNBiOZtZQLpVAyu0iTduoJL9hEsMloAK5XWrtW0xdY=
github.com/stretchr/testify v0.0.0-20170809224252-890a5c3458b4 h1:InXsxTNd7R4kIHKuA052litAUzokFLqjgbmhpUQTAs8=
github.com/stretchr/testify v0.0.0-20170809224252-890a5c3458b4/go.mod h1:a8OnRcib4nhh0OaRAV+Yts87kKdq0PP7pXfy6kDkUVs=
github.com/subosito/gotenv v1.1.0 h1:10Xh7i1TTc3oP2E0EvLinvYGONWKoQHS86Hogw9JYQw=
github.com/subosito/gotenv v1.1.0/go.mod h1:N0PQaV/YGNqwC0u51sEeR/aUtSLEXKX9iv69rRypqCw=
golang.org/x/net v0.0.0-20170927055102-0a9397675ba3 h1:tTDpczhDVjW6WN3DinzKcw5juwkDTVn22I7MNlfxSXM=
golang.org/x/net v0.0.0-20170927055102-0a9397675ba3/go.mod h1:mL1N/T3taQHkDXs73rZJwtUhF3w3ftmwwsq0BUmARs4=
